
Microsoft Visual Studio Solution File, Format Version 12.00
# Visual Studio Version 16
VisualStudioVersion = 16.0.30517.126
MinimumVisualStudioVersion = 10.0.40219.1
Project("{8BC9CEB8-8B4A-11D0-8D11-00A0C91BC942}") = "LLGMN", "LLGMN\LLGMN.vcxproj", "{CFCF4904-A86C-4588-82E7-26585285C887}"
EndProject
Global
	GlobalSection(SolutionConfigurationPlatforms) = preSolution
		Debug|x64 = Debug|x64
		Debug|x86 = Debug|x86
		Release|x64 = Release|x64
		Release|x86 = Release|x86
	EndGlobalSection
	GlobalSection(ProjectConfigurationPlatforms) = postSolution
		{CFCF4904-A86C-4588-82E7-26585285C887}.Debug|x64.ActiveCfg = Debug|x64
		{CFCF4904-A86C-4588-82E7-26585285C887}.Debug|x64.Build.0 = Debug|x64
		{CFCF4904-A86C-4588-82E7-26585285C887}.Debug|x86.ActiveCfg = Debug|Win32
		{CFCF4904-A86C-4588-82E7-26585285C887}.Debug|x86.Build.0 = Debug|Win32
		{CFCF4904-A86C-4588-82E7-26585285C887}.Release|x64.ActiveCfg = Release|x64
		{CFCF4904-A86C-4588-82E7-26585285C887}.Release|x64.Build.0 = Release|x64
		{CFCF4904-A86C-4588-82E7-26585285C887}.Release|x86.ActiveCfg = Release|Win32
		{CFCF4904-A86C-4588-82E7-26585285C887}.Release|x86.Build.0 = Release|Win32
	EndGlobalSection
	GlobalSection(SolutionProperties) = preSolution
		HideSolutionNode = FALSE
	EndGlobalSection
	GlobalSection(ExtensibilityGlobals) = postSolution
		SolutionGuid = {9055FF32-D986-4F01-B641-648E0781B9DC}
	EndGlobalSection
EndGlobal
